// !$*UTF8*$!
{
	archiveVersion = 1;
	classes = {
	};
	objectVersion = 46;
	objects = {

/* Begin PBXBuildFile section */
		3DCA453B1DFB398F0018878D /* AppDelegate.swift in Sources */ = {isa = PBXBuildFile; fileRef = 3DCA453A1DFB398F0018878D /* AppDelegate.swift */; };
		3DCA453D1DFB398F0018878D /* ViewController.swift in Sources */ = {isa = PBXBuildFile; fileRef = 3DCA453C1DFB398F0018878D /* ViewController.swift */; };
		3DCA453F1DFB398F0018878D /* Assets.xcassets in Resources */ = {isa = PBXBuildFile; fileRef = 3DCA453E1DFB398F0018878D /* Assets.xcassets */; };
		3DCA45421DFB39900018878D /* Main.storyboard in Resources */ = {isa = PBXBuildFile; fileRef = 3DCA45401DFB39900018878D /* Main.storyboard */; };
		3DCA454A1DFB39BF0018878D /* WebRequest.swift in Sources */ = {isa = PBXBuildFile; fileRef = 3DCA45491DFB39BF0018878D /* WebRequest.swift */; };
		3DDC59CF1E03231800A51051 /* ToDo.txt in Resources */ = {isa = PBXBuildFile; fileRef = 3DDC59CE1E03231800A51051 /* ToDo.txt */; };
/* End PBXBuildFile section */

/* Begin PBXFileReference section */
		3DCA45371DFB398F0018878D /* WebRequest.app */ = {isa = PBXFileReference; explicitFileType = wrapper.application; includeInIndex = 0; path = WebRequest.app; sourceTree = BUILT_PRODUCTS_DIR; };
		3DCA453A1DFB398F0018878D /* AppDelegate.swift */ = {isa = PBXFileReference; lastKnownFileType = sourcecode.swift; path = AppDelegate.swift; sourceTree = "<group>"; };
		3DCA453C1DFB398F0018878D /* ViewController.swift */ = {isa = PBXFileReference; lastKnownFileType = sourcecode.swift; path = ViewController.swift; sourceTree = "<group>"; wrapsLines = 0; };
		3DCA453E1DFB398F0018878D /* Assets.xcassets */ = {isa = PBXFileReference; lastKnownFileType = folder.assetcatalog; path = Assets.xcassets; sourceTree = "<group>"; };
		3DCA45411DFB39900018878D /* Base */ = {isa = PBXFileReference; lastKnownFileType = file.storyboard; name = Base; path = Base.lproj/Main.storyboard; sourceTree = "<group>"; };
		3DCA45431DFB39900018878D /* Info.plist */ = {isa = PBXFileReference; lastKnownFileType = text.plist.xml; path = Info.plist; sourceTree = "<group>"; };
		3DCA45491DFB39BF0018878D /* WebRequest.swift */ = {isa = PBXFileReference; fileEncoding = 4; lastKnownFileType = sourcecode.swift; path = WebRequest.swift; sourceTree = "<group>"; wrapsLines = 0; };
		3DDC59CE1E03231800A51051 /* ToDo.txt */ = {isa = PBXFileReference; fileEncoding = 4; lastKnownFileType = text; path = ToDo.txt; sourceTree = SOURCE_ROOT; };
/* End PBXFileReference section */

/* Begin PBXFrameworksBuildPhase section */
		3DCA45341DFB398D0018878D /* Frameworks */ = {
			isa = PBXFrameworksBuildPhase;
			buildActionMask = 2147483647;
			files = (
			);
			runOnlyForDeploymentPostprocessing = 0;
		};
/* End PBXFrameworksBuildPhase section */

/* Begin PBXGroup section */
		3DCA452E1DFB398D0018878D = {
			isa = PBXGroup;
			children = (
				3DDC59CE1E03231800A51051 /* ToDo.txt */,
				3DCA45391DFB398F0018878D /* WebRequest */,
				3DCA45381DFB398F0018878D /* Products */,
			);
			sourceTree = "<group>";
		};
		3DCA45381DFB398F0018878D /* Products */ = {
			isa = PBXGroup;
			children = (
				3DCA45371DFB398F0018878D /* WebRequest.app */,
			);
			name = Products;
			sourceTree = "<group>";
		};
		3DCA45391DFB398F0018878D /* WebRequest */ = {
			isa = PBXGroup;
			children = (
				3DCA45431DFB39900018878D /* Info.plist */,
				3DCA453A1DFB398F0018878D /* AppDelegate.swift */,
				3DCA453C1DFB398F0018878D /* ViewController.swift */,
				3DCA45491DFB39BF0018878D /* WebRequest.swift */,
				3DCA45401DFB39900018878D /* Main.storyboard */,
				3DCA453E1DFB398F0018878D /* Assets.xcassets */,
			);
			path = WebRequest;
			sourceTree = "<group>";
		};
/* End PBXGroup section */

/* Begin PBXNativeTarget section */
		3DCA45361DFB398D0018878D /* WebRequest */ = {
			isa = PBXNativeTarget;
			buildConfigurationList = 3DCA45461DFB39900018878D /* Build configuration list for PBXNativeTarget "WebRequest" */;
			buildPhases = (
				3DCA45331DFB398D0018878D /* Sources */,
				3DCA45341DFB398D0018878D /* Frameworks */,
				3DCA45351DFB398D0018878D /* Resources */,
			);
			buildRules = (
			);
			dependencies = (
			);
			name = WebRequest;
			productName = WebRequest;
			productReference = 3DCA45371DFB398F0018878D /* WebRequest.app */;
			productType = "com.apple.product-type.application";
		};
/* End PBXNativeTarget section */

/* Begin PBXProject section */
		3DCA452F1DFB398D0018878D /* Project object */ = {
			isa = PBXProject;
			attributes = {
				LastSwiftUpdateCheck = 0800;
				LastUpgradeCheck = 0830;
				ORGANIZATIONNAME = Armonia;
				TargetAttributes = {
					3DCA45361DFB398D0018878D = {
						CreatedOnToolsVersion = 8.0;
						ProvisioningStyle = Automatic;
					};
				};
			};
			buildConfigurationList = 3DCA45321DFB398D0018878D /* Build configuration list for PBXProject "WebRequest" */;
			compatibilityVersion = "Xcode 3.2";
			developmentRegion = English;
			hasScannedForEncodings = 0;
			knownRegions = (
				en,
				Base,
			);
			mainGroup = 3DCA452E1DFB398D0018878D;
			productRefGroup = 3DCA45381DFB398F0018878D /* Products */;
			projectDirPath = "";
			projectRoot = "";
			targets = (
				3DCA45361DFB398D0018878D /* WebRequest */,
			);
		};
/* End PBXProject section */

/* Begin PBXResourcesBuildPhase section */
		3DCA45351DFB398D0018878D /* Resources */ = {
			isa = PBXResourcesBuildPhase;
			buildActionMask = 2147483647;
			files = (
				3DCA453F1DFB398F0018878D /* Assets.xcassets in Resources */,
				3DCA45421DFB39900018878D /* Main.storyboard in Resources */,
				3DDC59CF1E03231800A51051 /* ToDo.txt in Resources */,
			);
			runOnlyForDeploymentPostprocessing = 0;
		};
/* End PBXResourcesBuildPhase section */

/* Begin PBXSourcesBuildPhase section */
		3DCA45331DFB398D0018878D /* Sources */ = {
			isa = PBXSourcesBuildPhase;
			buildActionMask = 2147483647;
			files = (
				3DCA454A1DFB39BF0018878D /* WebRequest.swift in Sources */,
				3DCA453D1DFB398F0018878D /* ViewController.swift in Sources */,
				3DCA453B1DFB398F0018878D /* AppDelegate.swift in Sources */,
			);
			runOnlyForDeploymentPostprocessing = 0;
		};
/* End PBXSourcesBuildPhase section */

/* Begin PBXVariantGroup section */
		3DCA45401DFB39900018878D /* Main.storyboard */ = {
			isa = PBXVariantGroup;
			children = (
				3DCA45411DFB39900018878D /* Base */,
			);
			name = Main.storyboard;
			sourceTree = "<group>";
		};
/* End PBXVariantGroup section */

/* Begin XCBuildConfiguration section */
		3DCA45441DFB39900018878D /* Debug */ = {
			isa = XCBuildConfiguration;
			buildSettings = {
				ALWAYS_SEARCH_USER_PATHS = NO;
				CLANG_ANALYZER_NONNULL = YES;
				CLANG_CXX_LANGUAGE_STANDARD = "gnu++0x";
				CLANG_CXX_LIBRARY = "libc++";
				CLANG_ENABLE_MODULES = YES;
				CLANG_ENABLE_OBJC_ARC = YES;
				CLANG_WARN_BOOL_CONVERSION = YES;
				CLANG_WARN_CONSTANT_CONVERSION = YES;
				CLANG_WARN_DIRECT_OBJC_ISA_USAGE = YES_ERROR;
				CLANG_WARN_DOCUMENTATION_COMMENTS = YES;
				CLANG_WARN_EMPTY_BODY = YES;
				CLANG_WARN_ENUM_CONVERSION = YES;
				CLANG_WARN_INFINITE_RECURSION = YES;
				CLANG_WARN_INT_CONVERSION = YES;
				CLANG_WARN_OBJC_ROOT_CLASS = YES_ERROR;
				CLANG_WARN_SUSPICIOUS_MOVE = YES;
				CLANG_WARN_SUSPICIOUS_MOVES = YES;
				CLANG_WARN_UNREACHABLE_CODE = YES;
				CLANG_WARN__DUPLICATE_METHOD_MATCH = YES;
				CODE_SIGN_IDENTITY = "-";
				COPY_PHASE_STRIP = NO;
				DEBUG_INFORMATION_FORMAT = dwarf;
				ENABLE_STRICT_OBJC_MSGSEND = YES;
				ENABLE_TESTABILITY = YES;
				GCC_C_LANGUAGE_STANDARD = gnu99;
				GCC_DYNAMIC_NO_PIC = NO;
				GCC_NO_COMMON_BLOCKS = YES;
				GCC_OPTIMIZATION_LEVEL = 0;
				GCC_PREPROCESSOR_DEFINITIONS = (
					"DEBUG=1",
					"$(inherited)",
				);
				GCC_WARN_64_TO_32_BIT_CONVERSION = YES;
				GCC_WARN_ABOUT_RETURN_TYPE = YES_ERROR;
				GCC_WARN_UNDECLARED_SELECTOR = YES;
				GCC_WARN_UNINITIALIZED_AUTOS = YES_AGGRESSIVE;
				GCC_WARN_UNUSED_FUNCTION = YES;
				GCC_WARN_UNUSED_VARIABLE = YES;
				MACOSX_DEPLOYMENT_TARGET = 10.12;
				MTL_ENABLE_DEBUG_INFO = YES;
				ONLY_ACTIVE_ARCH = YES;
				SDKROOT = macosx;
				SWIFT_ACTIVE_COMPILATION_CONDITIONS = DEBUG;
				SWIFT_OPTIMIZATION_LEVEL = "-Onone";
			};
			name = Debug;
		};
		3DCA45451DFB39900018878D /* Release */ = {
			isa = XCBuildConfiguration;
			buildSettings = {
				ALWAYS_SEARCH_USER_PATHS = NO;
				CLANG_ANALYZER_NONNULL = YES;
				CLANG_CXX_LANGUAGE_STANDARD = "gnu++0x";
				CLANG_CXX_LIBRARY = "libc++";
				CLANG_ENABLE_MODULES = YES;
				CLANG_ENABLE_OBJC_ARC = YES;
				CLANG_WARN_BOOL_CONVERSION = YES;
				CLANG_WARN_CONSTANT_CONVERSION = YES;
				CLANG_WARN_DIRECT_OBJC_ISA_USAGE = YES_ERROR;
				CLANG_WARN_DOCUMENTATION_COMMENTS = YES;
				CLANG_WARN_EMPTY_BODY = YES;
				CLANG_WARN_ENUM_CONVERSION = YES;
				CLANG_WARN_INFINITE_RECURSION = YES;
				CLANG_WARN_INT_CONVERSION = YES;
				CLANG_WARN_OBJC_ROOT_CLASS = YES_ERROR;
				CLANG_WARN_SUSPICIOUS_MOVE = YES;
				CLANG_WARN_SUSPICIOUS_MOVES = YES;
				CLANG_WARN_UNREACHABLE_CODE = YES;
				CLANG_WARN__DUPLICATE_METHOD_MATCH = YES;
				CODE_SIGN_IDENTITY = "-";
				COPY_PHASE_STRIP = NO;
				DEBUG_INFORMATION_FORMAT = "dwarf-with-dsym";
				ENABLE_NS_ASSERTIONS = NO;
				ENABLE_STRICT_OBJC_MSGSEND = YES;
				GCC_C_LANGUAGE_STANDARD = gnu99;
				GCC_NO_COMMON_BLOCKS = YES;
				GCC_WARN_64_TO_32_BIT_CONVERSION = YES;
				GCC_WARN_ABOUT_RETURN_TYPE = YES_ERROR;
				GCC_WARN_UNDECLARED_SELECTOR = YES;
				GCC_WARN_UNINITIALIZED_AUTOS = YES_AGGRESSIVE;
				GCC_WARN_UNUSED_FUNCTION = YES;
				GCC_WARN_UNUSED_VARIABLE = YES;
				MACOSX_DEPLOYMENT_TARGET = 10.12;
				MTL_ENABLE_DEBUG_INFO = NO;
				SDKROOT = macosx;
				SWIFT_OPTIMIZATION_LEVEL = "-Owholemodule";
			};
			name = Release;
		};
		3DCA45471DFB39900018878D /* Debug */ = {
			isa = XCBuildConfiguration;
			buildSettings = {
				ASSETCATALOG_COMPILER_APPICON_NAME = AppIcon;
				COMBINE_HIDPI_IMAGES = YES;
				INFOPLIST_FILE = WebRequest/Info.plist;
				LD_RUNPATH_SEARCH_PATHS = "$(inherited) @executable_path/../Frameworks";
				PRODUCT_BUNDLE_IDENTIFIER = Armonia.WebRequest;
				PRODUCT_NAME = "$(TARGET_NAME)";
				SWIFT_VERSION = 3.0;
			};
			name = Debug;
		};
		3DCA45481DFB39900018878D /* Release */ = {
			isa = XCBuildConfiguration;
			buildSettings = {
				ASSETCATALOG_COMPILER_APPICON_NAME = AppIcon;
				COMBINE_HIDPI_IMAGES = YES;
				INFOPLIST_FILE = WebRequest/Info.plist;
				LD_RUNPATH_SEARCH_PATHS = "$(inherited) @executable_path/../Frameworks";
				PRODUCT_BUNDLE_IDENTIFIER = Armonia.WebRequest;
				PRODUCT_NAME = "$(TARGET_NAME)";
				SWIFT_VERSION = 3.0;
			};
			name = Release;
		};
/* End XCBuildConfiguration section */

/* Begin XCConfigurationList section */
		3DCA45321DFB398D0018878D /* Build configuration list for PBXProject "WebRequest" */ = {
			isa = XCConfigurationList;
			buildConfigurations = (
				3DCA45441DFB39900018878D /* Debug */,
				3DCA45451DFB39900018878D /* Release */,
			);
			defaultConfigurationIsVisible = 0;
			defaultConfigurationName = Release;
		};
		3DCA45461DFB39900018878D /* Build configuration list for PBXNativeTarget "WebRequest" */ = {
			isa = XCConfigurationList;
			buildConfigurations = (
				3DCA45471DFB39900018878D /* Debug */,
				3DCA45481DFB39900018878D /* Release */,
			);
			defaultConfigurationIsVisible = 0;
			defaultConfigurationName = Release;
		};
/* End XCConfigurationList section */
	};
	rootObject = 3DCA452F1DFB398D0018878D /* Project object */;
}
